
Microsoft Visual Studio Solution File, Format Version 12.00
# Visual Studio Version 16
VisualStudioVersion = 16.0.33130.400
MinimumVisualStudioVersion = 10.0.40219.1
Project("{FAE04EC0-301F-11D3-BF4B-00C04F79EFBC}") = "Zadanie_1.1", "Zadanie_1.1.csproj", "{58EC83AD-4742-44FA-915E-48E834BB05A1}"
EndProject
Global
	GlobalSection(SolutionConfigurationPlatforms) = preSolution
		Debug|Any CPU = Debug|Any CPU
		Release|Any CPU = Release|Any CPU
	EndGlobalSection
	GlobalSection(ProjectConfigurationPlatforms) = postSolution
		{58EC83AD-4742-44FA-915E-48E834BB05A1}.Debug|Any CPU.ActiveCfg = Debug|Any CPU
		{58EC83AD-4742-44FA-915E-48E834BB05A1}.Debug|Any CPU.Build.0 = Debug|Any CPU
		{58EC83AD-4742-44FA-915E-48E834BB05A1}.Release|Any CPU.ActiveCfg = Release|Any CPU
		{58EC83AD-4742-44FA-915E-48E834BB05A1}.Release|Any CPU.Build.0 = Release|Any CPU
	EndGlobalSection
	GlobalSection(SolutionProperties) = preSolution
		HideSolutionNode = FALSE
	EndGlobalSection
	GlobalSection(ExtensibilityGlobals) = postSolution
		SolutionGuid = {075DE784-8933-47A5-9F68-527ACBA2E0C8}
	EndGlobalSection
EndGlobal
